
Microsoft Visual Studio Solution File, Format Version 12.00
# Visual Studio Version 17
VisualStudioVersion = 17.7.34031.279
MinimumVisualStudioVersion = 10.0.40219.1
Project("{9A19103F-16F7-4668-BE54-9A1E7A4F7556}") = "Task_2", "Task_2\Task_2.csproj", "{645C16FE-2949-401F-9385-E4A68211FC0F}"
EndProject
Project("{9A19103F-16F7-4668-BE54-9A1E7A4F7556}") = "Task_3", "Task_3\Task_3.csproj", "{793FAD41-7AFF-4874-A290-5E4AD53E77FC}"
EndProject
Project("{9A19103F-16F7-4668-BE54-9A1E7A4F7556}") = "Task_5", "Task_5\Task_5.csproj", "{F4797DFB-1E68-4E5C-A79F-E736A5F4F85E}"
EndProject
Project("{9A19103F-16F7-4668-BE54-9A1E7A4F7556}") = "Task_4", "Task_4\Task_4.csproj", "{F48BC92D-A281-46D1-814C-11E6419DF7E6}"
EndProject
Project("{FAE04EC0-301F-11D3-BF4B-00C04F79EFBC}") = "Task_1", "Task_1\Task_1.csproj", "{B380966F-B52C-4A6C-BE8D-54517E32D8DA}"
EndProject
Global
	GlobalSection(SolutionConfigurationPlatforms) = preSolution
		Debug|Any CPU = Debug|Any CPU
		Release|Any CPU = Release|Any CPU
	EndGlobalSection
	GlobalSection(ProjectConfigurationPlatforms) = postSolution
		{645C16FE-2949-401F-9385-E4A68211FC0F}.Debug|Any CPU.ActiveCfg = Debug|Any CPU
		{645C16FE-2949-401F-9385-E4A68211FC0F}.Debug|Any CPU.Build.0 = Debug|Any CPU
		{645C16FE-2949-401F-9385-E4A68211FC0F}.Release|Any CPU.ActiveCfg = Release|Any CPU
		{645C16FE-2949-401F-9385-E4A68211FC0F}.Release|Any CPU.Build.0 = Release|Any CPU
		{793FAD41-7AFF-4874-A290-5E4AD53E77FC}.Debug|Any CPU.ActiveCfg = Debug|Any CPU
		{793FAD41-7AFF-4874-A290-5E4AD53E77FC}.Debug|Any CPU.Build.0 = Debug|Any CPU
		{793FAD41-7AFF-4874-A290-5E4AD53E77FC}.Release|Any CPU.ActiveCfg = Release|Any CPU
		{793FAD41-7AFF-4874-A290-5E4AD53E77FC}.Release|Any CPU.Build.0 = Release|Any CPU
		{F4797DFB-1E68-4E5C-A79F-E736A5F4F85E}.Debug|Any CPU.ActiveCfg = Debug|Any CPU
		{F4797DFB-1E68-4E5C-A79F-E736A5F4F85E}.Debug|Any CPU.Build.0 = Debug|Any CPU
		{F4797DFB-1E68-4E5C-A79F-E736A5F4F85E}.Release|Any CPU.ActiveCfg = Release|Any CPU
		{F4797DFB-1E68-4E5C-A79F-E736A5F4F85E}.Release|Any CPU.Build.0 = Release|Any CPU
		{F48BC92D-A281-46D1-814C-11E6419DF7E6}.Debug|Any CPU.ActiveCfg = Debug|Any CPU
		{F48BC92D-A281-46D1-814C-11E6419DF7E6}.Debug|Any CPU.Build.0 = Debug|Any CPU
		{F48BC92D-A281-46D1-814C-11E6419DF7E6}.Release|Any CPU.ActiveCfg = Release|Any CPU
		{F48BC92D-A281-46D1-814C-11E6419DF7E6}.Release|Any CPU.Build.0 = Release|Any CPU
		{B380966F-B52C-4A6C-BE8D-54517E32D8DA}.Debug|Any CPU.ActiveCfg = Debug|Any CPU
		{B380966F-B52C-4A6C-BE8D-54517E32D8DA}.Debug|Any CPU.Build.0 = Debug|Any CPU
		{B380966F-B52C-4A6C-BE8D-54517E32D8DA}.Release|Any CPU.ActiveCfg = Release|Any CPU
		{B380966F-B52C-4A6C-BE8D-54517E32D8DA}.Release|Any CPU.Build.0 = Release|Any CPU
	EndGlobalSection
	GlobalSection(SolutionProperties) = preSolution
		HideSolutionNode = FALSE
	EndGlobalSection
	GlobalSection(ExtensibilityGlobals) = postSolution
		SolutionGuid = {98E584DA-F940-4EE6-AACE-1DA216FC5800}
	EndGlobalSection
EndGlobal
